// !$*UTF8*$!
{
	archiveVersion = 1;
	classes = {
	};
	objectVersion = 46;
	objects = {

/* Begin PBXBuildFile section */
		821C58511B97F5C9003BFDDA /* AppDelegate.swift in Sources */ = {isa = PBXBuildFile; fileRef = 821C58501B97F5C9003BFDDA /* AppDelegate.swift */; };
		821C58531B97F5C9003BFDDA /* ViewController.swift in Sources */ = {isa = PBXBuildFile; fileRef = 821C58521B97F5C9003BFDDA /* ViewController.swift */; };
		821C58551B97F5C9003BFDDA /* Images.xcassets in Resources */ = {isa = PBXBuildFile; fileRef = 821C58541B97F5C9003BFDDA /* Images.xcassets */; };
		821C58581B97F5C9003BFDDA /* Main.storyboard in Resources */ = {isa = PBXBuildFile; fileRef = 821C58561B97F5C9003BFDDA /* Main.storyboard */; };
		822A02B321027F4300850982 /* Progress.framework in Frameworks */ = {isa = PBXBuildFile; fileRef = 822A02B221027F4300850982 /* Progress.framework */; };
		822A02B521027F4700850982 /* CocoaAsyncSocket.framework in Frameworks */ = {isa = PBXBuildFile; fileRef = 822A02B421027F4700850982 /* CocoaAsyncSocket.framework */; };
		867E97E24E2AD34C045A5BA5 /* Pods_RokuRemote.framework in Frameworks */ = {isa = PBXBuildFile; fileRef = D7171D3BD73EE06C3386E984 /* Pods_RokuRemote.framework */; };
/* End PBXBuildFile section */

/* Begin PBXCopyFilesBuildPhase section */
		82EBC7981BE34019007B5290 /* Embed Frameworks */ = {
			isa = PBXCopyFilesBuildPhase;
			buildActionMask = 2147483647;
			dstPath = "";
			dstSubfolderSpec = 10;
			files = (
			);
			name = "Embed Frameworks";
			runOnlyForDeploymentPostprocessing = 0;
		};
/* End PBXCopyFilesBuildPhase section */

/* Begin PBXFileReference section */
		56922DC9DEC816EED63F7C06 /* Pods-RokuRemote.release.xcconfig */ = {isa = PBXFileReference; includeInIndex = 1; lastKnownFileType = text.xcconfig; name = "Pods-RokuRemote.release.xcconfig"; path = "Pods/Target Support Files/Pods-RokuRemote/Pods-RokuRemote.release.xcconfig"; sourceTree = "<group>"; };
		821C584B1B97F5C9003BFDDA /* RokuRemote.app */ = {isa = PBXFileReference; explicitFileType = wrapper.application; includeInIndex = 0; path = RokuRemote.app; sourceTree = BUILT_PRODUCTS_DIR; };
		821C584F1B97F5C9003BFDDA /* Info.plist */ = {isa = PBXFileReference; lastKnownFileType = text.plist.xml; path = Info.plist; sourceTree = "<group>"; };
		821C58501B97F5C9003BFDDA /* AppDelegate.swift */ = {isa = PBXFileReference; lastKnownFileType = sourcecode.swift; path = AppDelegate.swift; sourceTree = "<group>"; };
		821C58521B97F5C9003BFDDA /* ViewController.swift */ = {isa = PBXFileReference; lastKnownFileType = sourcecode.swift; path = ViewController.swift; sourceTree = "<group>"; };
		821C58541B97F5C9003BFDDA /* Images.xcassets */ = {isa = PBXFileReference; lastKnownFileType = folder.assetcatalog; path = Images.xcassets; sourceTree = "<group>"; };
		821C58571B97F5C9003BFDDA /* Base */ = {isa = PBXFileReference; lastKnownFileType = file.storyboard; name = Base; path = Base.lproj/Main.storyboard; sourceTree = "<group>"; };
		821C58621B97F5C9003BFDDA /* Info.plist */ = {isa = PBXFileReference; lastKnownFileType = text.plist.xml; path = Info.plist; sourceTree = "<group>"; };
		821C58631B97F5C9003BFDDA /* RokuRemoteTests.swift */ = {isa = PBXFileReference; lastKnownFileType = sourcecode.swift; path = RokuRemoteTests.swift; sourceTree = "<group>"; };
		822A02B221027F4300850982 /* Progress.framework */ = {isa = PBXFileReference; explicitFileType = wrapper.framework; path = Progress.framework; sourceTree = BUILT_PRODUCTS_DIR; };
		822A02B421027F4700850982 /* CocoaAsyncSocket.framework */ = {isa = PBXFileReference; explicitFileType = wrapper.framework; path = CocoaAsyncSocket.framework; sourceTree = BUILT_PRODUCTS_DIR; };
		D7171D3BD73EE06C3386E984 /* Pods_RokuRemote.framework */ = {isa = PBXFileReference; explicitFileType = wrapper.framework; includeInIndex = 0; path = Pods_RokuRemote.framework; sourceTree = BUILT_PRODUCTS_DIR; };
		FAA5FF437C6019E98458FEBB /* Pods-RokuRemote.debug.xcconfig */ = {isa = PBXFileReference; includeInIndex = 1; lastKnownFileType = text.xcconfig; name = "Pods-RokuRemote.debug.xcconfig"; path = "Pods/Target Support Files/Pods-RokuRemote/Pods-RokuRemote.debug.xcconfig"; sourceTree = "<group>"; };
/* End PBXFileReference section */

/* Begin PBXFrameworksBuildPhase section */
		821C58481B97F5C9003BFDDA /* Frameworks */ = {
			isa = PBXFrameworksBuildPhase;
			buildActionMask = 2147483647;
			files = (
				822A02B521027F4700850982 /* CocoaAsyncSocket.framework in Frameworks */,
				822A02B321027F4300850982 /* Progress.framework in Frameworks */,
				867E97E24E2AD34C045A5BA5 /* Pods_RokuRemote.framework in Frameworks */,
			);
			runOnlyForDeploymentPostprocessing = 0;
		};
/* End PBXFrameworksBuildPhase section */

/* Begin PBXGroup section */
		58E7C2BD5BD5945240E283F1 /* Frameworks */ = {
			isa = PBXGroup;
			children = (
				822A02B421027F4700850982 /* CocoaAsyncSocket.framework */,
				822A02B221027F4300850982 /* Progress.framework */,
				D7171D3BD73EE06C3386E984 /* Pods_RokuRemote.framework */,
			);
			name = Frameworks;
			sourceTree = "<group>";
		};
		7E444692F0F6E56543C0BAE2 /* Pods */ = {
			isa = PBXGroup;
			children = (
				FAA5FF437C6019E98458FEBB /* Pods-RokuRemote.debug.xcconfig */,
				56922DC9DEC816EED63F7C06 /* Pods-RokuRemote.release.xcconfig */,
			);
			name = Pods;
			sourceTree = "<group>";
		};
		821C58421B97F5C9003BFDDA = {
			isa = PBXGroup;
			children = (
				821C584D1B97F5C9003BFDDA /* RokuRemote */,
				821C58601B97F5C9003BFDDA /* RokuRemoteTests */,
				821C584C1B97F5C9003BFDDA /* Products */,
				58E7C2BD5BD5945240E283F1 /* Frameworks */,
				7E444692F0F6E56543C0BAE2 /* Pods */,
			);
			sourceTree = "<group>";
		};
		821C584C1B97F5C9003BFDDA /* Products */ = {
			isa = PBXGroup;
			children = (
				821C584B1B97F5C9003BFDDA /* RokuRemote.app */,
			);
			name = Products;
			sourceTree = "<group>";
		};
		821C584D1B97F5C9003BFDDA /* RokuRemote */ = {
			isa = PBXGroup;
			children = (
				821C58501B97F5C9003BFDDA /* AppDelegate.swift */,
				821C58521B97F5C9003BFDDA /* ViewController.swift */,
				821C58541B97F5C9003BFDDA /* Images.xcassets */,
				821C58561B97F5C9003BFDDA /* Main.storyboard */,
				821C584E1B97F5C9003BFDDA /* Supporting Files */,
			);
			path = RokuRemote;
			sourceTree = "<group>";
		};
		821C584E1B97F5C9003BFDDA /* Supporting Files */ = {
			isa = PBXGroup;
			children = (
				821C584F1B97F5C9003BFDDA /* Info.plist */,
			);
			name = "Supporting Files";
			sourceTree = "<group>";
		};
		821C58601B97F5C9003BFDDA /* RokuRemoteTests */ = {
			isa = PBXGroup;
			children = (
				821C58631B97F5C9003BFDDA /* RokuRemoteTests.swift */,
				821C58611B97F5C9003BFDDA /* Supporting Files */,
			);
			path = RokuRemoteTests;
			sourceTree = "<group>";
		};
		821C58611B97F5C9003BFDDA /* Supporting Files */ = {
			isa = PBXGroup;
			children = (
				821C58621B97F5C9003BFDDA /* Info.plist */,
			);
			name = "Supporting Files";
			sourceTree = "<group>";
		};
/* End PBXGroup section */

/* Begin PBXNativeTarget section */
		821C584A1B97F5C9003BFDDA /* RokuRemote */ = {
			isa = PBXNativeTarget;
			buildConfigurationList = 821C58671B97F5C9003BFDDA /* Build configuration list for PBXNativeTarget "RokuRemote" */;
			buildPhases = (
				37E18316F8D0EB3431FE5495 /* [CP] Check Pods Manifest.lock */,
				821C58471B97F5C9003BFDDA /* Sources */,
				821C58481B97F5C9003BFDDA /* Frameworks */,
				821C58491B97F5C9003BFDDA /* Resources */,
				AD1D3707FC5B05581E340A38 /* Embed Pods Frameworks */,
				82EBC7981BE34019007B5290 /* Embed Frameworks */,
				6D0AF2109645E122652C6628 /* [CP] Embed Pods Frameworks */,
			);
			buildRules = (
			);
			dependencies = (
			);
			name = RokuRemote;
			productName = RokuRemote;
			productReference = 821C584B1B97F5C9003BFDDA /* RokuRemote.app */;
			productType = "com.apple.product-type.application";
		};
/* End PBXNativeTarget section */

/* Begin PBXProject section */
		821C58431B97F5C9003BFDDA /* Project object */ = {
			isa = PBXProject;
			attributes = {
				LastSwiftMigration = 0700;
				LastSwiftUpdateCheck = 0700;
				LastUpgradeCheck = 0700;
				ORGANIZATIONNAME = "Joubin Jabbari";
				TargetAttributes = {
					821C584A1B97F5C9003BFDDA = {
						CreatedOnToolsVersion = 6.4;
						DevelopmentTeam = 9V3E82SCH9;
						ProvisioningStyle = Automatic;
					};
				};
			};
			buildConfigurationList = 821C58461B97F5C9003BFDDA /* Build configuration list for PBXProject "RokuRemote" */;
			compatibilityVersion = "Xcode 3.2";
			developmentRegion = English;
			hasScannedForEncodings = 0;
			knownRegions = (
				en,
				Base,
			);
			mainGroup = 821C58421B97F5C9003BFDDA;
			productRefGroup = 821C584C1B97F5C9003BFDDA /* Products */;
			projectDirPath = "";
			projectRoot = "";
			targets = (
				821C584A1B97F5C9003BFDDA /* RokuRemote */,
			);
		};
/* End PBXProject section */

/* Begin PBXResourcesBuildPhase section */
		821C58491B97F5C9003BFDDA /* Resources */ = {
			isa = PBXResourcesBuildPhase;
			buildActionMask = 2147483647;
			files = (
				821C58551B97F5C9003BFDDA /* Images.xcassets in Resources */,
				821C58581B97F5C9003BFDDA /* Main.storyboard in Resources */,
			);
			runOnlyForDeploymentPostprocessing = 0;
		};
/* End PBXResourcesBuildPhase section */

/* Begin PBXShellScriptBuildPhase section */
		37E18316F8D0EB3431FE5495 /* [CP] Check Pods Manifest.lock */ = {
			isa = PBXShellScriptBuildPhase;
			buildActionMask = 2147483647;
			files = (
			);
			inputPaths = (
				"${PODS_PODFILE_DIR_PATH}/Podfile.lock",
				"${PODS_ROOT}/Manifest.lock",
			);
			name = "[CP] Check Pods Manifest.lock";
			outputPaths = (
				"$(DERIVED_FILE_DIR)/Pods-RokuRemote-checkManifestLockResult.txt",
			);
			runOnlyForDeploymentPostprocessing = 0;
			shellPath = /bin/sh;
			shellScript = "diff \"${PODS_PODFILE_DIR_PATH}/Podfile.lock\" \"${PODS_ROOT}/Manifest.lock\" > /dev/null\nif [ $? != 0 ] ; then\n    # print error to STDERR\n    echo \"error: The sandbox is not in sync with the Podfile.lock. Run 'pod install' or update your CocoaPods installation.\" >&2\n    exit 1\nfi\n# This output is used by Xcode 'outputs' to avoid re-running this script phase.\necho \"SUCCESS\" > \"${SCRIPT_OUTPUT_FILE_0}\"\n";
			showEnvVarsInLog = 0;
		};
		6D0AF2109645E122652C6628 /* [CP] Embed Pods Frameworks */ = {
			isa = PBXShellScriptBuildPhase;
			buildActionMask = 2147483647;
			files = (
			);
			inputPaths = (
				"${SRCROOT}/Pods/Target Support Files/Pods-RokuRemote/Pods-RokuRemote-frameworks.sh",
				"${BUILT_PRODUCTS_DIR}/CocoaAsyncSocket/CocoaAsyncSocket.framework",
			);
			name = "[CP] Embed Pods Frameworks";
			outputPaths = (
				"${TARGET_BUILD_DIR}/${FRAMEWORKS_FOLDER_PATH}/CocoaAsyncSocket.framework",
			);
			runOnlyForDeploymentPostprocessing = 0;
			shellPath = /bin/sh;
			shellScript = "\"${SRCROOT}/Pods/Target Support Files/Pods-RokuRemote/Pods-RokuRemote-frameworks.sh\"\n";
			showEnvVarsInLog = 0;
		};
		AD1D3707FC5B05581E340A38 /* Embed Pods Frameworks */ = {
			isa = PBXShellScriptBuildPhase;
			buildActionMask = 2147483647;
			files = (
			);
			inputPaths = (
			);
			name = "Embed Pods Frameworks";
			outputPaths = (
			);
			runOnlyForDeploymentPostprocessing = 0;
			shellPath = /bin/sh;
			shellScript = "\"${SRCROOT}/Pods/Target Support Files/Pods-RokuRemote/Pods-RokuRemote-frameworks.sh\"\n";
			showEnvVarsInLog = 0;
		};
/* End PBXShellScriptBuildPhase section */

/* Begin PBXSourcesBuildPhase section */
		821C58471B97F5C9003BFDDA /* Sources */ = {
			isa = PBXSourcesBuildPhase;
			buildActionMask = 2147483647;
			files = (
				821C58531B97F5C9003BFDDA /* ViewController.swift in Sources */,
				821C58511B97F5C9003BFDDA /* AppDelegate.swift in Sources */,
			);
			runOnlyForDeploymentPostprocessing = 0;
		};
/* End PBXSourcesBuildPhase section */

/* Begin PBXVariantGroup section */
		821C58561B97F5C9003BFDDA /* Main.storyboard */ = {
			isa = PBXVariantGroup;
			children = (
				821C58571B97F5C9003BFDDA /* Base */,
			);
			name = Main.storyboard;
			sourceTree = "<group>";
		};
/* End PBXVariantGroup section */

/* Begin XCBuildConfiguration section */
		821C58651B97F5C9003BFDDA /* Debug */ = {
			isa = XCBuildConfiguration;
			buildSettings = {
				ALWAYS_SEARCH_USER_PATHS = NO;
				ARCHS = "$(ARCHS_STANDARD)";
				CLANG_CXX_LANGUAGE_STANDARD = "gnu++0x";
				CLANG_CXX_LIBRARY = "libc++";
				CLANG_ENABLE_MODULES = YES;
				CLANG_ENABLE_OBJC_ARC = YES;
				CLANG_WARN_BOOL_CONVERSION = YES;
				CLANG_WARN_CONSTANT_CONVERSION = YES;
				CLANG_WARN_DIRECT_OBJC_ISA_USAGE = YES_ERROR;
				CLANG_WARN_EMPTY_BODY = YES;
				CLANG_WARN_ENUM_CONVERSION = YES;
				CLANG_WARN_INT_CONVERSION = YES;
				CLANG_WARN_OBJC_ROOT_CLASS = YES_ERROR;
				CLANG_WARN_UNREACHABLE_CODE = YES;
				CLANG_WARN__DUPLICATE_METHOD_MATCH = YES;
				CODE_SIGN_IDENTITY = "";
				COPY_PHASE_STRIP = YES;
				DEBUG_INFORMATION_FORMAT = dwarf;
				EMBEDDED_CONTENT_CONTAINS_SWIFT = YES;
				EMBED_ASSET_PACKS_IN_PRODUCT_BUNDLE = YES;
				ENABLE_STRICT_OBJC_MSGSEND = YES;
				ENABLE_TESTABILITY = YES;
				GCC_C_LANGUAGE_STANDARD = gnu99;
				GCC_DYNAMIC_NO_PIC = NO;
				GCC_NO_COMMON_BLOCKS = YES;
				GCC_OPTIMIZATION_LEVEL = 0;
				GCC_PREPROCESSOR_DEFINITIONS = (
					"DEBUG=1",
					"$(inherited)",
				);
				GCC_SYMBOLS_PRIVATE_EXTERN = NO;
				GCC_WARN_64_TO_32_BIT_CONVERSION = YES;
				GCC_WARN_ABOUT_RETURN_TYPE = YES_ERROR;
				GCC_WARN_UNDECLARED_SELECTOR = YES;
				GCC_WARN_UNINITIALIZED_AUTOS = YES_AGGRESSIVE;
				GCC_WARN_UNUSED_FUNCTION = YES;
				GCC_WARN_UNUSED_VARIABLE = YES;
				MACOSX_DEPLOYMENT_TARGET = 10.11;
				MTL_ENABLE_DEBUG_INFO = YES;
				ONLY_ACTIVE_ARCH = YES;
				REEXPORTED_FRAMEWORK_NAMES = "";
				SDKROOT = macosx;
				SWIFT_OPTIMIZATION_LEVEL = "-Onone";
			};
			name = Debug;
		};
		821C58661B97F5C9003BFDDA /* Release */ = {
			isa = XCBuildConfiguration;
			buildSettings = {
				ALWAYS_SEARCH_USER_PATHS = NO;
				ARCHS = "$(ARCHS_STANDARD)";
				CLANG_CXX_LANGUAGE_STANDARD = "gnu++0x";
				CLANG_CXX_LIBRARY = "libc++";
				CLANG_ENABLE_MODULES = YES;
				CLANG_ENABLE_OBJC_ARC = YES;
				CLANG_WARN_BOOL_CONVERSION = YES;
				CLANG_WARN_CONSTANT_CONVERSION = YES;
				CLANG_WARN_DIRECT_OBJC_ISA_USAGE = YES_ERROR;
				CLANG_WARN_EMPTY_BODY = YES;
				CLANG_WARN_ENUM_CONVERSION = YES;
				CLANG_WARN_INT_CONVERSION = YES;
				CLANG_WARN_OBJC_ROOT_CLASS = YES_ERROR;
				CLANG_WARN_UNREACHABLE_CODE = YES;
				CLANG_WARN__DUPLICATE_METHOD_MATCH = YES;
				CODE_SIGN_IDENTITY = "";
				COPY_PHASE_STRIP = YES;
				DEBUG_INFORMATION_FORMAT = dwarf;
				EMBEDDED_CONTENT_CONTAINS_SWIFT = YES;
				EMBED_ASSET_PACKS_IN_PRODUCT_BUNDLE = YES;
				ENABLE_NS_ASSERTIONS = NO;
				ENABLE_STRICT_OBJC_MSGSEND = YES;
				GCC_C_LANGUAGE_STANDARD = gnu99;
				GCC_NO_COMMON_BLOCKS = YES;
				GCC_WARN_64_TO_32_BIT_CONVERSION = YES;
				GCC_WARN_ABOUT_RETURN_TYPE = YES_ERROR;
				GCC_WARN_UNDECLARED_SELECTOR = YES;
				GCC_WARN_UNINITIALIZED_AUTOS = YES_AGGRESSIVE;
				GCC_WARN_UNUSED_FUNCTION = YES;
				GCC_WARN_UNUSED_VARIABLE = YES;
				MACOSX_DEPLOYMENT_TARGET = 10.11;
				MTL_ENABLE_DEBUG_INFO = NO;
				ONLY_ACTIVE_ARCH = YES;
				REEXPORTED_FRAMEWORK_NAMES = "";
				SDKROOT = macosx;
			};
			name = Release;
		};
		821C58681B97F5C9003BFDDA /* Debug */ = {
			isa = XCBuildConfiguration;
			baseConfigurationReference = FAA5FF437C6019E98458FEBB /* Pods-RokuRemote.debug.xcconfig */;
			buildSettings = {
				ASSETCATALOG_COMPILER_APPICON_NAME = AppIcon;
				CODE_SIGN_IDENTITY = "Mac Developer";
				CODE_SIGN_STYLE = Automatic;
				COMBINE_HIDPI_IMAGES = YES;
				DEVELOPMENT_TEAM = 9V3E82SCH9;
				FRAMEWORK_SEARCH_PATHS = (
					"$(inherited)",
					"$(USER_LIBRARY_DIR)/Developer/Xcode/DerivedData/RokuRemote-etmkazsuvfrjhfgaftdlryqyjmqk/Build/Products/Debug",
				);
				INFOPLIST_FILE = RokuRemote/Info.plist;
				LD_RUNPATH_SEARCH_PATHS = "$(inherited) @executable_path/../Frameworks";
				PRODUCT_BUNDLE_IDENTIFIER = "io.jabbari.$(PRODUCT_NAME:rfc1034identifier)";
				PRODUCT_NAME = "$(TARGET_NAME)";
				PROVISIONING_PROFILE_SPECIFIER = "";
				SWIFT_VERSION = 4.0;
			};
			name = Debug;
		};
		821C58691B97F5C9003BFDDA /* Release */ = {
			isa = XCBuildConfiguration;
			baseConfigurationReference = 56922DC9DEC816EED63F7C06 /* Pods-RokuRemote.release.xcconfig */;
			buildSettings = {
				ASSETCATALOG_COMPILER_APPICON_NAME = AppIcon;
				CODE_SIGN_IDENTITY = "Mac Developer";
				CODE_SIGN_STYLE = Automatic;
				COMBINE_HIDPI_IMAGES = YES;
				DEVELOPMENT_TEAM = 9V3E82SCH9;
				FRAMEWORK_SEARCH_PATHS = (
					"$(inherited)",
					"$(USER_LIBRARY_DIR)/Developer/Xcode/DerivedData/RokuRemote-etmkazsuvfrjhfgaftdlryqyjmqk/Build/Products/Debug",
				);
				INFOPLIST_FILE = RokuRemote/Info.plist;
				LD_RUNPATH_SEARCH_PATHS = "$(inherited) @executable_path/../Frameworks";
				PRODUCT_BUNDLE_IDENTIFIER = "io.jabbari.$(PRODUCT_NAME:rfc1034identifier)";
				PRODUCT_NAME = "$(TARGET_NAME)";
				PROVISIONING_PROFILE_SPECIFIER = "";
				SWIFT_VERSION = 4.0;
			};
			name = Release;
		};
/* End XCBuildConfiguration section */

/* Begin XCConfigurationList section */
		821C58461B97F5C9003BFDDA /* Build configuration list for PBXProject "RokuRemote" */ = {
			isa = XCConfigurationList;
			buildConfigurations = (
				821C58651B97F5C9003BFDDA /* Debug */,
				821C58661B97F5C9003BFDDA /* Release */,
			);
			defaultConfigurationIsVisible = 0;
			defaultConfigurationName = Release;
		};
		821C58671B97F5C9003BFDDA /* Build configuration list for PBXNativeTarget "RokuRemote" */ = {
			isa = XCConfigurationList;
			buildConfigurations = (
				821C58681B97F5C9003BFDDA /* Debug */,
				821C58691B97F5C9003BFDDA /* Release */,
			);
			defaultConfigurationIsVisible = 0;
			defaultConfigurationName = Release;
		};
/* End XCConfigurationList section */
	};
	rootObject = 821C58431B97F5C9003BFDDA /* Project object */;
}
