// !$*UTF8*$!
{
	archiveVersion = 1;
	classes = {
	};
	objectVersion = 46;
	objects = {

/* Begin PBXBuildFile section */
		821C58511B97F5C9003BFDDA /* AppDelegate.swift in Sources */ = {isa = PBXBuildFile; fileRef = 821C58501B97F5C9003BFDDA /* AppDelegate.swift */; };
		821C58531B97F5C9003BFDDA /* ViewController.swift in Sources */ = {isa = PBXBuildFile; fileRef = 821C58521B97F5C9003BFDDA /* ViewController.swift */; };
		821C58551B97F5C9003BFDDA /* Images.xcassets in Resources */ = {isa = PBXBuildFile; fileRef = 821C58541B97F5C9003BFDDA /* Images.xcassets */; };
		821C58581B97F5C9003BFDDA /* Main.storyboard in Resources */ = {isa = PBXBuildFile; fileRef = 821C58561B97F5C9003BFDDA /* Main.storyboard */; };
		821C58641B97F5C9003BFDDA /* RokuRemoteTests.swift in Sources */ = {isa = PBXBuildFile; fileRef = 821C58631B97F5C9003BFDDA /* RokuRemoteTests.swift */; };
		82C9BFC61BCDEFBE005D4EA4 /* AppDelegate.swift in Sources */ = {isa = PBXBuildFile; fileRef = 82C9BF981BCDEFBE005D4EA4 /* AppDelegate.swift */; };
		82C9BFC71BCDEFBE005D4EA4 /* Main.storyboard in Resources */ = {isa = PBXBuildFile; fileRef = 82C9BF991BCDEFBE005D4EA4 /* Main.storyboard */; };
		82C9BFC81BCDEFBE005D4EA4 /* Images.xcassets in Resources */ = {isa = PBXBuildFile; fileRef = 82C9BF9B1BCDEFBE005D4EA4 /* Images.xcassets */; };
		82C9BFC91BCDEFBE005D4EA4 /* Info.plist in Resources */ = {isa = PBXBuildFile; fileRef = 82C9BF9C1BCDEFBE005D4EA4 /* Info.plist */; };
		82C9BFCA1BCDEFBE005D4EA4 /* ViewController.swift in Sources */ = {isa = PBXBuildFile; fileRef = 82C9BF9D1BCDEFBE005D4EA4 /* ViewController.swift */; };
		82C9BFCC1BCDEFBE005D4EA4 /* Info.plist in Resources */ = {isa = PBXBuildFile; fileRef = 82C9BFA31BCDEFBE005D4EA4 /* Info.plist */; };
		82C9BFCD1BCDEFBE005D4EA4 /* RokuRemoteTests.swift in Sources */ = {isa = PBXBuildFile; fileRef = 82C9BFA41BCDEFBE005D4EA4 /* RokuRemoteTests.swift */; };
/* End PBXBuildFile section */

/* Begin PBXContainerItemProxy section */
		821C585E1B97F5C9003BFDDA /* PBXContainerItemProxy */ = {
			isa = PBXContainerItemProxy;
			containerPortal = 821C58431B97F5C9003BFDDA /* Project object */;
			proxyType = 1;
			remoteGlobalIDString = 821C584A1B97F5C9003BFDDA;
			remoteInfo = RokuRemote;
		};
/* End PBXContainerItemProxy section */

/* Begin PBXCopyFilesBuildPhase section */
		82EBC7981BE34019007B5290 /* Embed Frameworks */ = {
			isa = PBXCopyFilesBuildPhase;
			buildActionMask = 2147483647;
			dstPath = "";
			dstSubfolderSpec = 10;
			files = (
			);
			name = "Embed Frameworks";
			runOnlyForDeploymentPostprocessing = 0;
		};
/* End PBXCopyFilesBuildPhase section */

/* Begin PBXFileReference section */
		821B33B21B99732700F9A0A7 /* SwiftColors.framework */ = {isa = PBXFileReference; lastKnownFileType = wrapper.framework; name = SwiftColors.framework; path = "../../../Library/Developer/Xcode/DerivedData/RokuRemote-etmkazsuvfrjhfgaftdlryqyjmqk/Build/Products/Debug/SwiftColors.framework"; sourceTree = "<group>"; };
		821C584B1B97F5C9003BFDDA /* RokuRemote.app */ = {isa = PBXFileReference; explicitFileType = wrapper.application; includeInIndex = 0; path = RokuRemote.app; sourceTree = BUILT_PRODUCTS_DIR; };
		821C584F1B97F5C9003BFDDA /* Info.plist */ = {isa = PBXFileReference; lastKnownFileType = text.plist.xml; path = Info.plist; sourceTree = "<group>"; };
		821C58501B97F5C9003BFDDA /* AppDelegate.swift */ = {isa = PBXFileReference; lastKnownFileType = sourcecode.swift; path = AppDelegate.swift; sourceTree = "<group>"; };
		821C58521B97F5C9003BFDDA /* ViewController.swift */ = {isa = PBXFileReference; lastKnownFileType = sourcecode.swift; path = ViewController.swift; sourceTree = "<group>"; };
		821C58541B97F5C9003BFDDA /* Images.xcassets */ = {isa = PBXFileReference; lastKnownFileType = folder.assetcatalog; path = Images.xcassets; sourceTree = "<group>"; };
		821C58571B97F5C9003BFDDA /* Base */ = {isa = PBXFileReference; lastKnownFileType = file.storyboard; name = Base; path = Base.lproj/Main.storyboard; sourceTree = "<group>"; };
		821C585D1B97F5C9003BFDDA /* RokuRemoteTests.xctest */ = {isa = PBXFileReference; explicitFileType = wrapper.cfbundle; includeInIndex = 0; path = RokuRemoteTests.xctest; sourceTree = BUILT_PRODUCTS_DIR; };
		821C58621B97F5C9003BFDDA /* Info.plist */ = {isa = PBXFileReference; lastKnownFileType = text.plist.xml; path = Info.plist; sourceTree = "<group>"; };
		821C58631B97F5C9003BFDDA /* RokuRemoteTests.swift */ = {isa = PBXFileReference; lastKnownFileType = sourcecode.swift; path = RokuRemoteTests.swift; sourceTree = "<group>"; };
		826876AA1B9FF45C00EBBB74 /* CocoaAsyncSocket.framework */ = {isa = PBXFileReference; lastKnownFileType = wrapper.framework; name = CocoaAsyncSocket.framework; path = "../../../Library/Developer/Xcode/DerivedData/RokuRemote-etmkazsuvfrjhfgaftdlryqyjmqk/Build/Products/Debug/CocoaAsyncSocket.framework"; sourceTree = "<group>"; };
		82C9BF981BCDEFBE005D4EA4 /* AppDelegate.swift */ = {isa = PBXFileReference; fileEncoding = 4; lastKnownFileType = sourcecode.swift; path = AppDelegate.swift; sourceTree = "<group>"; };
		82C9BF9A1BCDEFBE005D4EA4 /* Base */ = {isa = PBXFileReference; lastKnownFileType = file.storyboard; name = Base; path = Base.lproj/Main.storyboard; sourceTree = "<group>"; };
		82C9BF9B1BCDEFBE005D4EA4 /* Images.xcassets */ = {isa = PBXFileReference; lastKnownFileType = folder.assetcatalog; path = Images.xcassets; sourceTree = "<group>"; };
		82C9BF9C1BCDEFBE005D4EA4 /* Info.plist */ = {isa = PBXFileReference; fileEncoding = 4; lastKnownFileType = text.plist.xml; path = Info.plist; sourceTree = "<group>"; };
		82C9BF9D1BCDEFBE005D4EA4 /* ViewController.swift */ = {isa = PBXFileReference; fileEncoding = 4; lastKnownFileType = sourcecode.swift; path = ViewController.swift; sourceTree = "<group>"; };
		82C9BF9E1BCDEFBE005D4EA4 /* RokuRemote.xcodeproj */ = {isa = PBXFileReference; lastKnownFileType = "wrapper.pb-project"; path = RokuRemote.xcodeproj; sourceTree = "<group>"; };
		82C9BFA31BCDEFBE005D4EA4 /* Info.plist */ = {isa = PBXFileReference; fileEncoding = 4; lastKnownFileType = text.plist.xml; path = Info.plist; sourceTree = "<group>"; };
		82C9BFA41BCDEFBE005D4EA4 /* RokuRemoteTests.swift */ = {isa = PBXFileReference; fileEncoding = 4; lastKnownFileType = sourcecode.swift; path = RokuRemoteTests.swift; sourceTree = "<group>"; };
/* End PBXFileReference section */

/* Begin PBXFrameworksBuildPhase section */
		821C58481B97F5C9003BFDDA /* Frameworks */ = {
			isa = PBXFrameworksBuildPhase;
			buildActionMask = 2147483647;
			files = (
			);
			runOnlyForDeploymentPostprocessing = 0;
		};
		821C585A1B97F5C9003BFDDA /* Frameworks */ = {
			isa = PBXFrameworksBuildPhase;
			buildActionMask = 2147483647;
			files = (
			);
			runOnlyForDeploymentPostprocessing = 0;
		};
/* End PBXFrameworksBuildPhase section */

/* Begin PBXGroup section */
		58E7C2BD5BD5945240E283F1 /* Frameworks */ = {
			isa = PBXGroup;
			children = (
				826876AA1B9FF45C00EBBB74 /* CocoaAsyncSocket.framework */,
				821B33B21B99732700F9A0A7 /* SwiftColors.framework */,
			);
			name = Frameworks;
			sourceTree = "<group>";
		};
		821C58421B97F5C9003BFDDA = {
			isa = PBXGroup;
			children = (
				82C9BF4E1BCDEFBE005D4EA4 /* RokuRemote */,
				821C584D1B97F5C9003BFDDA /* RokuRemote */,
				821C58601B97F5C9003BFDDA /* RokuRemoteTests */,
				821C584C1B97F5C9003BFDDA /* Products */,
				58E7C2BD5BD5945240E283F1 /* Frameworks */,
			);
			sourceTree = "<group>";
		};
		821C584C1B97F5C9003BFDDA /* Products */ = {
			isa = PBXGroup;
			children = (
				821C584B1B97F5C9003BFDDA /* RokuRemote.app */,
				821C585D1B97F5C9003BFDDA /* RokuRemoteTests.xctest */,
			);
			name = Products;
			sourceTree = "<group>";
		};
		821C584D1B97F5C9003BFDDA /* RokuRemote */ = {
			isa = PBXGroup;
			children = (
				821C58501B97F5C9003BFDDA /* AppDelegate.swift */,
				821C58521B97F5C9003BFDDA /* ViewController.swift */,
				821C58541B97F5C9003BFDDA /* Images.xcassets */,
				821C58561B97F5C9003BFDDA /* Main.storyboard */,
				821C584E1B97F5C9003BFDDA /* Supporting Files */,
			);
			path = RokuRemote;
			sourceTree = "<group>";
		};
		821C584E1B97F5C9003BFDDA /* Supporting Files */ = {
			isa = PBXGroup;
			children = (
				821C584F1B97F5C9003BFDDA /* Info.plist */,
			);
			name = "Supporting Files";
			sourceTree = "<group>";
		};
		821C58601B97F5C9003BFDDA /* RokuRemoteTests */ = {
			isa = PBXGroup;
			children = (
				821C58631B97F5C9003BFDDA /* RokuRemoteTests.swift */,
				821C58611B97F5C9003BFDDA /* Supporting Files */,
			);
			path = RokuRemoteTests;
			sourceTree = "<group>";
		};
		821C58611B97F5C9003BFDDA /* Supporting Files */ = {
			isa = PBXGroup;
			children = (
				821C58621B97F5C9003BFDDA /* Info.plist */,
			);
			name = "Supporting Files";
			sourceTree = "<group>";
		};
		82C9BF4E1BCDEFBE005D4EA4 /* RokuRemote */ = {
			isa = PBXGroup;
			children = (
				82C9BF971BCDEFBE005D4EA4 /* RokuRemote */,
				82C9BF9E1BCDEFBE005D4EA4 /* RokuRemote.xcodeproj */,
				82C9BFA21BCDEFBE005D4EA4 /* RokuRemoteTests */,
			);
			name = RokuRemote;
			sourceTree = "<group>";
		};
		82C9BF971BCDEFBE005D4EA4 /* RokuRemote */ = {
			isa = PBXGroup;
			children = (
				82C9BF981BCDEFBE005D4EA4 /* AppDelegate.swift */,
				82C9BF991BCDEFBE005D4EA4 /* Main.storyboard */,
				82C9BF9B1BCDEFBE005D4EA4 /* Images.xcassets */,
				82C9BF9C1BCDEFBE005D4EA4 /* Info.plist */,
				82C9BF9D1BCDEFBE005D4EA4 /* ViewController.swift */,
			);
			path = RokuRemote;
			sourceTree = "<group>";
		};
		82C9BF9F1BCDEFBE005D4EA4 /* Products */ = {
			isa = PBXGroup;
			name = Products;
			sourceTree = "<group>";
		};
		82C9BFA21BCDEFBE005D4EA4 /* RokuRemoteTests */ = {
			isa = PBXGroup;
			children = (
				82C9BFA31BCDEFBE005D4EA4 /* Info.plist */,
				82C9BFA41BCDEFBE005D4EA4 /* RokuRemoteTests.swift */,
			);
			path = RokuRemoteTests;
			sourceTree = "<group>";
		};
/* End PBXGroup section */

/* Begin PBXNativeTarget section */
		821C584A1B97F5C9003BFDDA /* RokuRemote */ = {
			isa = PBXNativeTarget;
			buildConfigurationList = 821C58671B97F5C9003BFDDA /* Build configuration list for PBXNativeTarget "RokuRemote" */;
			buildPhases = (
				821C58471B97F5C9003BFDDA /* Sources */,
				821C58481B97F5C9003BFDDA /* Frameworks */,
				821C58491B97F5C9003BFDDA /* Resources */,
				AD1D3707FC5B05581E340A38 /* Embed Pods Frameworks */,
				82EBC7981BE34019007B5290 /* Embed Frameworks */,
			);
			buildRules = (
			);
			dependencies = (
			);
			name = RokuRemote;
			productName = RokuRemote;
			productReference = 821C584B1B97F5C9003BFDDA /* RokuRemote.app */;
			productType = "com.apple.product-type.application";
		};
		821C585C1B97F5C9003BFDDA /* RokuRemoteTests */ = {
			isa = PBXNativeTarget;
			buildConfigurationList = 821C586A1B97F5C9003BFDDA /* Build configuration list for PBXNativeTarget "RokuRemoteTests" */;
			buildPhases = (
				CC255CC9C1758D16E1F52FC7 /* Check Pods Manifest.lock */,
				821C58591B97F5C9003BFDDA /* Sources */,
				821C585A1B97F5C9003BFDDA /* Frameworks */,
				821C585B1B97F5C9003BFDDA /* Resources */,
				ED3EC99A9C064A9C03457074 /* Embed Pods Frameworks */,
				54DF848B9B9F43D7B8018E62 /* Copy Pods Resources */,
			);
			buildRules = (
			);
			dependencies = (
				821C585F1B97F5C9003BFDDA /* PBXTargetDependency */,
			);
			name = RokuRemoteTests;
			productName = RokuRemoteTests;
			productReference = 821C585D1B97F5C9003BFDDA /* RokuRemoteTests.xctest */;
			productType = "com.apple.product-type.bundle.unit-test";
		};
/* End PBXNativeTarget section */

/* Begin PBXProject section */
		821C58431B97F5C9003BFDDA /* Project object */ = {
			isa = PBXProject;
			attributes = {
				LastSwiftMigration = 0700;
				LastSwiftUpdateCheck = 0700;
				LastUpgradeCheck = 0700;
				ORGANIZATIONNAME = "Joubin Jabbari";
				TargetAttributes = {
					821C584A1B97F5C9003BFDDA = {
						CreatedOnToolsVersion = 6.4;
					};
					821C585C1B97F5C9003BFDDA = {
						CreatedOnToolsVersion = 6.4;
						TestTargetID = 821C584A1B97F5C9003BFDDA;
					};
				};
			};
			buildConfigurationList = 821C58461B97F5C9003BFDDA /* Build configuration list for PBXProject "RokuRemote" */;
			compatibilityVersion = "Xcode 3.2";
			developmentRegion = English;
			hasScannedForEncodings = 0;
			knownRegions = (
				en,
				Base,
			);
			mainGroup = 821C58421B97F5C9003BFDDA;
			productRefGroup = 821C584C1B97F5C9003BFDDA /* Products */;
			projectDirPath = "";
			projectReferences = (
				{
					ProductGroup = 82C9BF9F1BCDEFBE005D4EA4 /* Products */;
					ProjectRef = 82C9BF9E1BCDEFBE005D4EA4 /* RokuRemote.xcodeproj */;
				},
			);
			projectRoot = "";
			targets = (
				821C584A1B97F5C9003BFDDA /* RokuRemote */,
				821C585C1B97F5C9003BFDDA /* RokuRemoteTests */,
			);
		};
/* End PBXProject section */

/* Begin PBXResourcesBuildPhase section */
		821C58491B97F5C9003BFDDA /* Resources */ = {
			isa = PBXResourcesBuildPhase;
			buildActionMask = 2147483647;
			files = (
				82C9BFC81BCDEFBE005D4EA4 /* Images.xcassets in Resources */,
				82C9BFC71BCDEFBE005D4EA4 /* Main.storyboard in Resources */,
				821C58551B97F5C9003BFDDA /* Images.xcassets in Resources */,
				82C9BFCC1BCDEFBE005D4EA4 /* Info.plist in Resources */,
				821C58581B97F5C9003BFDDA /* Main.storyboard in Resources */,
				82C9BFC91BCDEFBE005D4EA4 /* Info.plist in Resources */,
			);
			runOnlyForDeploymentPostprocessing = 0;
		};
		821C585B1B97F5C9003BFDDA /* Resources */ = {
			isa = PBXResourcesBuildPhase;
			buildActionMask = 2147483647;
			files = (
			);
			runOnlyForDeploymentPostprocessing = 0;
		};
/* End PBXResourcesBuildPhase section */

/* Begin PBXShellScriptBuildPhase section */
		54DF848B9B9F43D7B8018E62 /* Copy Pods Resources */ = {
			isa = PBXShellScriptBuildPhase;
			buildActionMask = 2147483647;
			files = (
			);
			inputPaths = (
			);
			name = "Copy Pods Resources";
			outputPaths = (
			);
			runOnlyForDeploymentPostprocessing = 0;
			shellPath = /bin/sh;
			shellScript = "\"${SRCROOT}/Pods/Target Support Files/Pods-RokuRemoteTests/Pods-RokuRemoteTests-resources.sh\"\n";
			showEnvVarsInLog = 0;
		};
		AD1D3707FC5B05581E340A38 /* Embed Pods Frameworks */ = {
			isa = PBXShellScriptBuildPhase;
			buildActionMask = 2147483647;
			files = (
			);
			inputPaths = (
			);
			name = "Embed Pods Frameworks";
			outputPaths = (
			);
			runOnlyForDeploymentPostprocessing = 0;
			shellPath = /bin/sh;
			shellScript = "\"${SRCROOT}/Pods/Target Support Files/Pods-RokuRemote/Pods-RokuRemote-frameworks.sh\"\n";
			showEnvVarsInLog = 0;
		};
		CC255CC9C1758D16E1F52FC7 /* Check Pods Manifest.lock */ = {
			isa = PBXShellScriptBuildPhase;
			buildActionMask = 2147483647;
			files = (
			);
			inputPaths = (
			);
			name = "Check Pods Manifest.lock";
			outputPaths = (
			);
			runOnlyForDeploymentPostprocessing = 0;
			shellPath = /bin/sh;
			shellScript = "diff \"${PODS_ROOT}/../Podfile.lock\" \"${PODS_ROOT}/Manifest.lock\" > /dev/null\nif [[ $? != 0 ]] ; then\n    cat << EOM\nerror: The sandbox is not in sync with the Podfile.lock. Run 'pod install' or update your CocoaPods installation.\nEOM\n    exit 1\nfi\n";
			showEnvVarsInLog = 0;
		};
		ED3EC99A9C064A9C03457074 /* Embed Pods Frameworks */ = {
			isa = PBXShellScriptBuildPhase;
			buildActionMask = 2147483647;
			files = (
			);
			inputPaths = (
			);
			name = "Embed Pods Frameworks";
			outputPaths = (
			);
			runOnlyForDeploymentPostprocessing = 0;
			shellPath = /bin/sh;
			shellScript = "\"${SRCROOT}/Pods/Target Support Files/Pods-RokuRemoteTests/Pods-RokuRemoteTests-frameworks.sh\"\n";
			showEnvVarsInLog = 0;
		};
/* End PBXShellScriptBuildPhase section */

/* Begin PBXSourcesBuildPhase section */
		821C58471B97F5C9003BFDDA /* Sources */ = {
			isa = PBXSourcesBuildPhase;
			buildActionMask = 2147483647;
			files = (
				821C58531B97F5C9003BFDDA /* ViewController.swift in Sources */,
				821C58511B97F5C9003BFDDA /* AppDelegate.swift in Sources */,
				82C9BFC61BCDEFBE005D4EA4 /* AppDelegate.swift in Sources */,
				82C9BFCA1BCDEFBE005D4EA4 /* ViewController.swift in Sources */,
				82C9BFCD1BCDEFBE005D4EA4 /* RokuRemoteTests.swift in Sources */,
			);
			runOnlyForDeploymentPostprocessing = 0;
		};
		821C58591B97F5C9003BFDDA /* Sources */ = {
			isa = PBXSourcesBuildPhase;
			buildActionMask = 2147483647;
			files = (
				821C58641B97F5C9003BFDDA /* RokuRemoteTests.swift in Sources */,
			);
			runOnlyForDeploymentPostprocessing = 0;
		};
/* End PBXSourcesBuildPhase section */

/* Begin PBXTargetDependency section */
		821C585F1B97F5C9003BFDDA /* PBXTargetDependency */ = {
			isa = PBXTargetDependency;
			target = 821C584A1B97F5C9003BFDDA /* RokuRemote */;
			targetProxy = 821C585E1B97F5C9003BFDDA /* PBXContainerItemProxy */;
		};
/* End PBXTargetDependency section */

/* Begin PBXVariantGroup section */
		821C58561B97F5C9003BFDDA /* Main.storyboard */ = {
			isa = PBXVariantGroup;
			children = (
				821C58571B97F5C9003BFDDA /* Base */,
			);
			name = Main.storyboard;
			sourceTree = "<group>";
		};
		82C9BF991BCDEFBE005D4EA4 /* Main.storyboard */ = {
			isa = PBXVariantGroup;
			children = (
				82C9BF9A1BCDEFBE005D4EA4 /* Base */,
			);
			name = Main.storyboard;
			sourceTree = "<group>";
		};
/* End PBXVariantGroup section */

/* Begin XCBuildConfiguration section */
		821C58651B97F5C9003BFDDA /* Debug */ = {
			isa = XCBuildConfiguration;
			buildSettings = {
				ALWAYS_SEARCH_USER_PATHS = NO;
				ARCHS = "$(ARCHS_STANDARD)";
				CLANG_CXX_LANGUAGE_STANDARD = "gnu++0x";
				CLANG_CXX_LIBRARY = "libc++";
				CLANG_ENABLE_MODULES = YES;
				CLANG_ENABLE_OBJC_ARC = YES;
				CLANG_WARN_BOOL_CONVERSION = YES;
				CLANG_WARN_CONSTANT_CONVERSION = YES;
				CLANG_WARN_DIRECT_OBJC_ISA_USAGE = YES_ERROR;
				CLANG_WARN_EMPTY_BODY = YES;
				CLANG_WARN_ENUM_CONVERSION = YES;
				CLANG_WARN_INT_CONVERSION = YES;
				CLANG_WARN_OBJC_ROOT_CLASS = YES_ERROR;
				CLANG_WARN_UNREACHABLE_CODE = YES;
				CLANG_WARN__DUPLICATE_METHOD_MATCH = YES;
				CODE_SIGN_IDENTITY = "";
				COPY_PHASE_STRIP = YES;
				DEBUG_INFORMATION_FORMAT = dwarf;
				EMBEDDED_CONTENT_CONTAINS_SWIFT = YES;
				EMBED_ASSET_PACKS_IN_PRODUCT_BUNDLE = YES;
				ENABLE_STRICT_OBJC_MSGSEND = YES;
				ENABLE_TESTABILITY = YES;
				GCC_C_LANGUAGE_STANDARD = gnu99;
				GCC_DYNAMIC_NO_PIC = NO;
				GCC_NO_COMMON_BLOCKS = YES;
				GCC_OPTIMIZATION_LEVEL = 0;
				GCC_PREPROCESSOR_DEFINITIONS = (
					"DEBUG=1",
					"$(inherited)",
				);
				GCC_SYMBOLS_PRIVATE_EXTERN = NO;
				GCC_WARN_64_TO_32_BIT_CONVERSION = YES;
				GCC_WARN_ABOUT_RETURN_TYPE = YES_ERROR;
				GCC_WARN_UNDECLARED_SELECTOR = YES;
				GCC_WARN_UNINITIALIZED_AUTOS = YES_AGGRESSIVE;
				GCC_WARN_UNUSED_FUNCTION = YES;
				GCC_WARN_UNUSED_VARIABLE = YES;
				MACOSX_DEPLOYMENT_TARGET = 10.11;
				MTL_ENABLE_DEBUG_INFO = YES;
				ONLY_ACTIVE_ARCH = YES;
				REEXPORTED_FRAMEWORK_NAMES = "";
				SDKROOT = macosx;
				SWIFT_OPTIMIZATION_LEVEL = "-Onone";
			};
			name = Debug;
		};
		821C58661B97F5C9003BFDDA /* Release */ = {
			isa = XCBuildConfiguration;
			buildSettings = {
				ALWAYS_SEARCH_USER_PATHS = NO;
				ARCHS = "$(ARCHS_STANDARD)";
				CLANG_CXX_LANGUAGE_STANDARD = "gnu++0x";
				CLANG_CXX_LIBRARY = "libc++";
				CLANG_ENABLE_MODULES = YES;
				CLANG_ENABLE_OBJC_ARC = YES;
				CLANG_WARN_BOOL_CONVERSION = YES;
				CLANG_WARN_CONSTANT_CONVERSION = YES;
				CLANG_WARN_DIRECT_OBJC_ISA_USAGE = YES_ERROR;
				CLANG_WARN_EMPTY_BODY = YES;
				CLANG_WARN_ENUM_CONVERSION = YES;
				CLANG_WARN_INT_CONVERSION = YES;
				CLANG_WARN_OBJC_ROOT_CLASS = YES_ERROR;
				CLANG_WARN_UNREACHABLE_CODE = YES;
				CLANG_WARN__DUPLICATE_METHOD_MATCH = YES;
				CODE_SIGN_IDENTITY = "";
				COPY_PHASE_STRIP = YES;
				DEBUG_INFORMATION_FORMAT = dwarf;
				EMBEDDED_CONTENT_CONTAINS_SWIFT = YES;
				EMBED_ASSET_PACKS_IN_PRODUCT_BUNDLE = YES;
				ENABLE_NS_ASSERTIONS = NO;
				ENABLE_STRICT_OBJC_MSGSEND = YES;
				GCC_C_LANGUAGE_STANDARD = gnu99;
				GCC_NO_COMMON_BLOCKS = YES;
				GCC_WARN_64_TO_32_BIT_CONVERSION = YES;
				GCC_WARN_ABOUT_RETURN_TYPE = YES_ERROR;
				GCC_WARN_UNDECLARED_SELECTOR = YES;
				GCC_WARN_UNINITIALIZED_AUTOS = YES_AGGRESSIVE;
				GCC_WARN_UNUSED_FUNCTION = YES;
				GCC_WARN_UNUSED_VARIABLE = YES;
				MACOSX_DEPLOYMENT_TARGET = 10.11;
				MTL_ENABLE_DEBUG_INFO = NO;
				ONLY_ACTIVE_ARCH = YES;
				REEXPORTED_FRAMEWORK_NAMES = "";
				SDKROOT = macosx;
			};
			name = Release;
		};
		821C58681B97F5C9003BFDDA /* Debug */ = {
			isa = XCBuildConfiguration;
			buildSettings = {
				ASSETCATALOG_COMPILER_APPICON_NAME = AppIcon;
				COMBINE_HIDPI_IMAGES = YES;
				FRAMEWORK_SEARCH_PATHS = (
					"$(inherited)",
					"$(USER_LIBRARY_DIR)/Developer/Xcode/DerivedData/RokuRemote-etmkazsuvfrjhfgaftdlryqyjmqk/Build/Products/Debug",
				);
				INFOPLIST_FILE = RokuRemote/Info.plist;
				LD_RUNPATH_SEARCH_PATHS = "$(inherited) @executable_path/../Frameworks";
				PRODUCT_BUNDLE_IDENTIFIER = "io.jabbari.$(PRODUCT_NAME:rfc1034identifier)";
				PRODUCT_NAME = "$(TARGET_NAME)";
				SWIFT_VERSION = 4.0;
			};
			name = Debug;
		};
		821C58691B97F5C9003BFDDA /* Release */ = {
			isa = XCBuildConfiguration;
			buildSettings = {
				ASSETCATALOG_COMPILER_APPICON_NAME = AppIcon;
				COMBINE_HIDPI_IMAGES = YES;
				FRAMEWORK_SEARCH_PATHS = (
					"$(inherited)",
					"$(USER_LIBRARY_DIR)/Developer/Xcode/DerivedData/RokuRemote-etmkazsuvfrjhfgaftdlryqyjmqk/Build/Products/Debug",
				);
				INFOPLIST_FILE = RokuRemote/Info.plist;
				LD_RUNPATH_SEARCH_PATHS = "$(inherited) @executable_path/../Frameworks";
				PRODUCT_BUNDLE_IDENTIFIER = "io.jabbari.$(PRODUCT_NAME:rfc1034identifier)";
				PRODUCT_NAME = "$(TARGET_NAME)";
				SWIFT_VERSION = 4.0;
			};
			name = Release;
		};
		821C586B1B97F5C9003BFDDA /* Debug */ = {
			isa = XCBuildConfiguration;
			buildSettings = {
				BUNDLE_LOADER = "$(TEST_HOST)";
				COMBINE_HIDPI_IMAGES = YES;
				FRAMEWORK_SEARCH_PATHS = (
					"$(DEVELOPER_FRAMEWORKS_DIR)",
					"$(inherited)",
				);
				GCC_PREPROCESSOR_DEFINITIONS = (
					"DEBUG=1",
					"$(inherited)",
				);
				INFOPLIST_FILE = RokuRemoteTests/Info.plist;
				LD_RUNPATH_SEARCH_PATHS = "$(inherited) @executable_path/../Frameworks @loader_path/../Frameworks";
				PRODUCT_BUNDLE_IDENTIFIER = "io.jabbari.$(PRODUCT_NAME:rfc1034identifier)";
				PRODUCT_NAME = "$(TARGET_NAME)";
				TEST_HOST = "$(BUILT_PRODUCTS_DIR)/RokuRemote.app/Contents/MacOS/RokuRemote";
			};
			name = Debug;
		};
		821C586C1B97F5C9003BFDDA /* Release */ = {
			isa = XCBuildConfiguration;
			buildSettings = {
				BUNDLE_LOADER = "$(TEST_HOST)";
				COMBINE_HIDPI_IMAGES = YES;
				FRAMEWORK_SEARCH_PATHS = (
					"$(DEVELOPER_FRAMEWORKS_DIR)",
					"$(inherited)",
				);
				INFOPLIST_FILE = RokuRemoteTests/Info.plist;
				LD_RUNPATH_SEARCH_PATHS = "$(inherited) @executable_path/../Frameworks @loader_path/../Frameworks";
				PRODUCT_BUNDLE_IDENTIFIER = "io.jabbari.$(PRODUCT_NAME:rfc1034identifier)";
				PRODUCT_NAME = "$(TARGET_NAME)";
				TEST_HOST = "$(BUILT_PRODUCTS_DIR)/RokuRemote.app/Contents/MacOS/RokuRemote";
			};
			name = Release;
		};
/* End XCBuildConfiguration section */

/* Begin XCConfigurationList section */
		821C58461B97F5C9003BFDDA /* Build configuration list for PBXProject "RokuRemote" */ = {
			isa = XCConfigurationList;
			buildConfigurations = (
				821C58651B97F5C9003BFDDA /* Debug */,
				821C58661B97F5C9003BFDDA /* Release */,
			);
			defaultConfigurationIsVisible = 0;
			defaultConfigurationName = Release;
		};
		821C58671B97F5C9003BFDDA /* Build configuration list for PBXNativeTarget "RokuRemote" */ = {
			isa = XCConfigurationList;
			buildConfigurations = (
				821C58681B97F5C9003BFDDA /* Debug */,
				821C58691B97F5C9003BFDDA /* Release */,
			);
			defaultConfigurationIsVisible = 0;
			defaultConfigurationName = Release;
		};
		821C586A1B97F5C9003BFDDA /* Build configuration list for PBXNativeTarget "RokuRemoteTests" */ = {
			isa = XCConfigurationList;
			buildConfigurations = (
				821C586B1B97F5C9003BFDDA /* Debug */,
				821C586C1B97F5C9003BFDDA /* Release */,
			);
			defaultConfigurationIsVisible = 0;
			defaultConfigurationName = Release;
		};
/* End XCConfigurationList section */
	};
	rootObject = 821C58431B97F5C9003BFDDA /* Project object */;
}
